
Microsoft Visual Studio Solution File, Format Version 12.00
# Visual Studio Version 16
VisualStudioVersion = 16.0.30523.141
MinimumVisualStudioVersion = 10.0.40219.1
Project("{8BC9CEB8-8B4A-11D0-8D11-00A0C91BC942}") = "irc11", "irc11.vcxproj", "{C82A9DCD-2626-46C1-BD6A-B098F360831E}"
EndProject
Project("{8BC9CEB8-8B4A-11D0-8D11-00A0C91BC942}") = "irccolors", "..\..\irccolors\irccolors.vcxproj", "{4D345D5F-4890-469E-94F6-91F252DE8402}"
EndProject
Global
	GlobalSection(SolutionConfigurationPlatforms) = preSolution
		Debug|x64 = Debug|x64
		Debug|x86 = Debug|x86
		Release|x64 = Release|x64
		Release|x86 = Release|x86
	EndGlobalSection
	GlobalSection(ProjectConfigurationPlatforms) = postSolution
		{C82A9DCD-2626-46C1-BD6A-B098F360831E}.Debug|x64.ActiveCfg = Debug|x64
		{C82A9DCD-2626-46C1-BD6A-B098F360831E}.Debug|x64.Build.0 = Debug|x64
		{C82A9DCD-2626-46C1-BD6A-B098F360831E}.Debug|x86.ActiveCfg = Debug|Win32
		{C82A9DCD-2626-46C1-BD6A-B098F360831E}.Debug|x86.Build.0 = Debug|Win32
		{C82A9DCD-2626-46C1-BD6A-B098F360831E}.Release|x64.ActiveCfg = Release|x64
		{C82A9DCD-2626-46C1-BD6A-B098F360831E}.Release|x64.Build.0 = Release|x64
		{C82A9DCD-2626-46C1-BD6A-B098F360831E}.Release|x86.ActiveCfg = Release|Win32
		{C82A9DCD-2626-46C1-BD6A-B098F360831E}.Release|x86.Build.0 = Release|Win32
		{4D345D5F-4890-469E-94F6-91F252DE8402}.Debug|x64.ActiveCfg = Debug|x64
		{4D345D5F-4890-469E-94F6-91F252DE8402}.Debug|x64.Build.0 = Debug|x64
		{4D345D5F-4890-469E-94F6-91F252DE8402}.Debug|x86.ActiveCfg = Debug|Win32
		{4D345D5F-4890-469E-94F6-91F252DE8402}.Debug|x86.Build.0 = Debug|Win32
		{4D345D5F-4890-469E-94F6-91F252DE8402}.Release|x64.ActiveCfg = Release|x64
		{4D345D5F-4890-469E-94F6-91F252DE8402}.Release|x64.Build.0 = Release|x64
		{4D345D5F-4890-469E-94F6-91F252DE8402}.Release|x86.ActiveCfg = Release|Win32
		{4D345D5F-4890-469E-94F6-91F252DE8402}.Release|x86.Build.0 = Release|Win32
	EndGlobalSection
	GlobalSection(SolutionProperties) = preSolution
		HideSolutionNode = FALSE
	EndGlobalSection
	GlobalSection(ExtensibilityGlobals) = postSolution
		SolutionGuid = {DFC61A42-B528-4EBC-B4D8-4979925F7C3A}
	EndGlobalSection
EndGlobal
